<Solution>
  <Folder Name="/src/">
    <Project Path="src/IEvangelist.Aspire.Hosting.Netlify.Tests/IEvangelist.Aspire.Hosting.Netlify.Tests.csproj" />
    <Project Path="src/IEvangelist.Aspire.Hosting.Netlify/IEvangelist.Aspire.Hosting.Netlify.csproj" />
  </Folder>
  <Folder Name="/samples/">
    <Project Path="samples/AllFrameworks.AppHost/AllFrameworks.AppHost.csproj" />
    <Project Path="samples/Quickstart.AppHost/Quickstart.AppHost.csproj" />
  </Folder>
</Solution>
